
Microsoft Visual Studio Solution File, Format Version 12.00
# Visual Studio Version 17
VisualStudioVersion = 17.4.33205.214
MinimumVisualStudioVersion = 10.0.40219.1
Project("{FAE04EC0-301F-11D3-BF4B-00C04F79EFBC}") = "EnerGYMManagementSystem", "EnerGYMManagementSystem.csproj", "{41C40EB2-B9C0-4AD6-B5F8-40B27DA73FD5}"
EndProject
Global
	GlobalSection(SolutionConfigurationPlatforms) = preSolution
		Debug|Any CPU = Debug|Any CPU
		Release|Any CPU = Release|Any CPU
	EndGlobalSection
	GlobalSection(ProjectConfigurationPlatforms) = postSolution
		{41C40EB2-B9C0-4AD6-B5F8-40B27DA73FD5}.Debug|Any CPU.ActiveCfg = Debug|Any CPU
		{41C40EB2-B9C0-4AD6-B5F8-40B27DA73FD5}.Debug|Any CPU.Build.0 = Debug|Any CPU
		{41C40EB2-B9C0-4AD6-B5F8-40B27DA73FD5}.Release|Any CPU.ActiveCfg = Release|Any CPU
		{41C40EB2-B9C0-4AD6-B5F8-40B27DA73FD5}.Release|Any CPU.Build.0 = Release|Any CPU
	EndGlobalSection
	GlobalSection(SolutionProperties) = preSolution
		HideSolutionNode = FALSE
	EndGlobalSection
	GlobalSection(ExtensibilityGlobals) = postSolution
		SolutionGuid = {060D9051-EE04-4C7B-951F-A55483B91616}
	EndGlobalSection
EndGlobal
